
Microsoft Visual Studio Solution File, Format Version 12.00
# Visual Studio 15
VisualStudioVersion = 15.0.27004.2009
MinimumVisualStudioVersion = 10.0.40219.1
Project("{2150E333-8FDC-42A3-9474-1A3956D46DE8}") = "src", "src", "{1F8051E7-21AA-4911-A97D-2FADB22E0CA7}"
EndProject
Project("{2150E333-8FDC-42A3-9474-1A3956D46DE8}") = "test", "test", "{FCECA2B7-71A2-45D0-A05F-F72816BBCAD2}"
	ProjectSection(SolutionItems) = preProject
		test\.editorconfig = test\.editorconfig
		test\directory.build.props = test\directory.build.props
		test\xunit.runner.json = test\xunit.runner.json
	EndProjectSection
EndProject
Project("{9A19103F-16F7-4668-BE54-9A1E7A4F7556}") = "Contoso.Tokens.ReadModel", "src\Contoso.Tokens.ReadModel\Contoso.Tokens.ReadModel.csproj", "{75125928-AD7E-44EB-8554-82EF97A79BD7}"
EndProject
Project("{9A19103F-16F7-4668-BE54-9A1E7A4F7556}") = "More.Cqrs", "..\..\src\More.Cqrs\More.Cqrs.csproj", "{904B7CD8-BE2D-4BE9-B457-EB8EF1B59321}"
EndProject
Project("{9A19103F-16F7-4668-BE54-9A1E7A4F7556}") = "Contoso.Tokens.Domain", "src\Contoso.Tokens.Domain\Contoso.Tokens.Domain.csproj", "{9947D620-FCAA-4181-AFA0-149F53AAA41A}"
EndProject
Project("{9A19103F-16F7-4668-BE54-9A1E7A4F7556}") = "Contoso.Tokens.Runtime", "src\Contoso.Tokens.Runtime\Contoso.Tokens.Runtime.csproj", "{595D6D4F-4BFC-4BBC-9496-167BB234E263}"
EndProject
Project("{9A19103F-16F7-4668-BE54-9A1E7A4F7556}") = "Contoso.Tokens.Domain.Tests", "test\Contoso.Tokens.Domain.Tests\Contoso.Tokens.Domain.Tests.csproj", "{86DEC956-0FA9-4D48-9A4E-7605112390D0}"
EndProject
Project("{9A19103F-16F7-4668-BE54-9A1E7A4F7556}") = "More.Cqrs.InMemory", "..\..\src\More.Cqrs.InMemory\More.Cqrs.InMemory.csproj", "{C617BF8A-817F-4D44-BD66-AB74BD20FEB4}"
EndProject
Project("{D954291E-2A0B-460D-934E-DC6B0785DB48}") = "Shared", "..\..\src\Shared\Shared.shproj", "{B6DE6B75-2AC5-46CC-823A-D671E630DAA8}"
EndProject
Project("{9A19103F-16F7-4668-BE54-9A1E7A4F7556}") = "More.Cqrs.Sql", "..\..\src\More.Cqrs.Sql\More.Cqrs.Sql.csproj", "{86BAA7D4-73D0-426E-A484-A535EC9316EE}"
EndProject
Project("{00D1A9C2-B5F0-4AF3-8072-F6C62B433612}") = "ContosoTokens", "src\ContosoTokens\ContosoTokens.sqlproj", "{5CFEC7DF-53C6-4E2A-B78C-B7C122A72173}"
EndProject
Project("{FAE04EC0-301F-11D3-BF4B-00C04F79EFBC}") = "Contoso.Tokens.Api", "src\Contoso.Tokens.Api\Contoso.Tokens.Api.csproj", "{99DE79CE-D109-4B74-86FA-D058668C0171}"
EndProject
Project("{9A19103F-16F7-4668-BE54-9A1E7A4F7556}") = "Contoso.Tokens.Api.Tests", "test\Contoso.Tokens.Api.Tests\Contoso.Tokens.Api.Tests.csproj", "{D4E3A239-1BE6-4E1D-AE55-D61A6BCFA010}"
	ProjectSection(ProjectDependencies) = postProject
		{5CFEC7DF-53C6-4E2A-B78C-B7C122A72173} = {5CFEC7DF-53C6-4E2A-B78C-B7C122A72173}
	EndProjectSection
EndProject
Project("{2150E333-8FDC-42A3-9474-1A3956D46DE8}") = "misc", "misc", "{F092AEAE-B498-4D69-B144-8506FD36CD40}"
	ProjectSection(SolutionItems) = preProject
		README.md = README.md
	EndProjectSection
EndProject
Global
	GlobalSection(SharedMSBuildProjectFiles) = preSolution
		..\..\src\Shared\Shared.projitems*{b6de6b75-2ac5-46cc-823a-d671e630daa8}*SharedItemsImports = 13
	EndGlobalSection
	GlobalSection(SolutionConfigurationPlatforms) = preSolution
		Debug|Any CPU = Debug|Any CPU
		Debug|x64 = Debug|x64
		Debug|x86 = Debug|x86
		Release|Any CPU = Release|Any CPU
		Release|x64 = Release|x64
		Release|x86 = Release|x86
	EndGlobalSection
	GlobalSection(ProjectConfigurationPlatforms) = postSolution
		{75125928-AD7E-44EB-8554-82EF97A79BD7}.Debug|Any CPU.ActiveCfg = Debug|Any CPU
		{75125928-AD7E-44EB-8554-82EF97A79BD7}.Debug|Any CPU.Build.0 = Debug|Any CPU
		{75125928-AD7E-44EB-8554-82EF97A79BD7}.Debug|x64.ActiveCfg = Release|Any CPU
		{75125928-AD7E-44EB-8554-82EF97A79BD7}.Debug|x64.Build.0 = Release|Any CPU
		{75125928-AD7E-44EB-8554-82EF97A79BD7}.Debug|x86.ActiveCfg = Release|Any CPU
		{75125928-AD7E-44EB-8554-82EF97A79BD7}.Debug|x86.Build.0 = Release|Any CPU
		{75125928-AD7E-44EB-8554-82EF97A79BD7}.Release|Any CPU.ActiveCfg = Release|Any CPU
		{75125928-AD7E-44EB-8554-82EF97A79BD7}.Release|Any CPU.Build.0 = Release|Any CPU
		{75125928-AD7E-44EB-8554-82EF97A79BD7}.Release|x64.ActiveCfg = Release|Any CPU
		{75125928-AD7E-44EB-8554-82EF97A79BD7}.Release|x64.Build.0 = Release|Any CPU
		{75125928-AD7E-44EB-8554-82EF97A79BD7}.Release|x86.ActiveCfg = Release|Any CPU
		{75125928-AD7E-44EB-8554-82EF97A79BD7}.Release|x86.Build.0 = Release|Any CPU
		{904B7CD8-BE2D-4BE9-B457-EB8EF1B59321}.Debug|Any CPU.ActiveCfg = Debug|Any CPU
		{904B7CD8-BE2D-4BE9-B457-EB8EF1B59321}.Debug|Any CPU.Build.0 = Debug|Any CPU
		{904B7CD8-BE2D-4BE9-B457-EB8EF1B59321}.Debug|x64.ActiveCfg = Debug|Any CPU
		{904B7CD8-BE2D-4BE9-B457-EB8EF1B59321}.Debug|x64.Build.0 = Debug|Any CPU
		{904B7CD8-BE2D-4BE9-B457-EB8EF1B59321}.Debug|x86.ActiveCfg = Debug|Any CPU
		{904B7CD8-BE2D-4BE9-B457-EB8EF1B59321}.Debug|x86.Build.0 = Debug|Any CPU
		{904B7CD8-BE2D-4BE9-B457-EB8EF1B59321}.Release|Any CPU.ActiveCfg = Release|Any CPU
		{904B7CD8-BE2D-4BE9-B457-EB8EF1B59321}.Release|Any CPU.Build.0 = Release|Any CPU
		{904B7CD8-BE2D-4BE9-B457-EB8EF1B59321}.Release|x64.ActiveCfg = Release|Any CPU
		{904B7CD8-BE2D-4BE9-B457-EB8EF1B59321}.Release|x64.Build.0 = Release|Any CPU
		{904B7CD8-BE2D-4BE9-B457-EB8EF1B59321}.Release|x86.ActiveCfg = Release|Any CPU
		{904B7CD8-BE2D-4BE9-B457-EB8EF1B59321}.Release|x86.Build.0 = Release|Any CPU
		{9947D620-FCAA-4181-AFA0-149F53AAA41A}.Debug|Any CPU.ActiveCfg = Debug|Any CPU
		{9947D620-FCAA-4181-AFA0-149F53AAA41A}.Debug|Any CPU.Build.0 = Debug|Any CPU
		{9947D620-FCAA-4181-AFA0-149F53AAA41A}.Debug|x64.ActiveCfg = Debug|Any CPU
		{9947D620-FCAA-4181-AFA0-149F53AAA41A}.Debug|x64.Build.0 = Debug|Any CPU
		{9947D620-FCAA-4181-AFA0-149F53AAA41A}.Debug|x86.ActiveCfg = Debug|Any CPU
		{9947D620-FCAA-4181-AFA0-149F53AAA41A}.Debug|x86.Build.0 = Debug|Any CPU
		{9947D620-FCAA-4181-AFA0-149F53AAA41A}.Release|Any CPU.ActiveCfg = Debug|Any CPU
		{9947D620-FCAA-4181-AFA0-149F53AAA41A}.Release|Any CPU.Build.0 = Debug|Any CPU
		{9947D620-FCAA-4181-AFA0-149F53AAA41A}.Release|x64.ActiveCfg = Debug|Any CPU
		{9947D620-FCAA-4181-AFA0-149F53AAA41A}.Release|x64.Build.0 = Debug|Any CPU
		{9947D620-FCAA-4181-AFA0-149F53AAA41A}.Release|x86.ActiveCfg = Debug|Any CPU
		{9947D620-FCAA-4181-AFA0-149F53AAA41A}.Release|x86.Build.0 = Debug|Any CPU
		{595D6D4F-4BFC-4BBC-9496-167BB234E263}.Debug|Any CPU.ActiveCfg = Debug|Any CPU
		{595D6D4F-4BFC-4BBC-9496-167BB234E263}.Debug|Any CPU.Build.0 = Debug|Any CPU
		{595D6D4F-4BFC-4BBC-9496-167BB234E263}.Debug|x64.ActiveCfg = Debug|Any CPU
		{595D6D4F-4BFC-4BBC-9496-167BB234E263}.Debug|x64.Build.0 = Debug|Any CPU
		{595D6D4F-4BFC-4BBC-9496-167BB234E263}.Debug|x86.ActiveCfg = Debug|Any CPU
		{595D6D4F-4BFC-4BBC-9496-167BB234E263}.Debug|x86.Build.0 = Debug|Any CPU
		{595D6D4F-4BFC-4BBC-9496-167BB234E263}.Release|Any CPU.ActiveCfg = Debug|Any CPU
		{595D6D4F-4BFC-4BBC-9496-167BB234E263}.Release|Any CPU.Build.0 = Debug|Any CPU
		{595D6D4F-4BFC-4BBC-9496-167BB234E263}.Release|x64.ActiveCfg = Debug|Any CPU
		{595D6D4F-4BFC-4BBC-9496-167BB234E263}.Release|x64.Build.0 = Debug|Any CPU
		{595D6D4F-4BFC-4BBC-9496-167BB234E263}.Release|x86.ActiveCfg = Debug|Any CPU
		{595D6D4F-4BFC-4BBC-9496-167BB234E263}.Release|x86.Build.0 = Debug|Any CPU
		{86DEC956-0FA9-4D48-9A4E-7605112390D0}.Debug|Any CPU.ActiveCfg = Debug|Any CPU
		{86DEC956-0FA9-4D48-9A4E-7605112390D0}.Debug|Any CPU.Build.0 = Debug|Any CPU
		{86DEC956-0FA9-4D48-9A4E-7605112390D0}.Debug|x64.ActiveCfg = Debug|Any CPU
		{86DEC956-0FA9-4D48-9A4E-7605112390D0}.Debug|x64.Build.0 = Debug|Any CPU
		{86DEC956-0FA9-4D48-9A4E-7605112390D0}.Debug|x86.ActiveCfg = Debug|Any CPU
		{86DEC956-0FA9-4D48-9A4E-7605112390D0}.Debug|x86.Build.0 = Debug|Any CPU
		{86DEC956-0FA9-4D48-9A4E-7605112390D0}.Release|Any CPU.ActiveCfg = Debug|Any CPU
		{86DEC956-0FA9-4D48-9A4E-7605112390D0}.Release|Any CPU.Build.0 = Debug|Any CPU
		{86DEC956-0FA9-4D48-9A4E-7605112390D0}.Release|x64.ActiveCfg = Debug|Any CPU
		{86DEC956-0FA9-4D48-9A4E-7605112390D0}.Release|x64.Build.0 = Debug|Any CPU
		{86DEC956-0FA9-4D48-9A4E-7605112390D0}.Release|x86.ActiveCfg = Debug|Any CPU
		{86DEC956-0FA9-4D48-9A4E-7605112390D0}.Release|x86.Build.0 = Debug|Any CPU
		{C617BF8A-817F-4D44-BD66-AB74BD20FEB4}.Debug|Any CPU.ActiveCfg = Debug|Any CPU
		{C617BF8A-817F-4D44-BD66-AB74BD20FEB4}.Debug|Any CPU.Build.0 = Debug|Any CPU
		{C617BF8A-817F-4D44-BD66-AB74BD20FEB4}.Debug|x64.ActiveCfg = Debug|Any CPU
		{C617BF8A-817F-4D44-BD66-AB74BD20FEB4}.Debug|x64.Build.0 = Debug|Any CPU
		{C617BF8A-817F-4D44-BD66-AB74BD20FEB4}.Debug|x86.ActiveCfg = Debug|Any CPU
		{C617BF8A-817F-4D44-BD66-AB74BD20FEB4}.Debug|x86.Build.0 = Debug|Any CPU
		{C617BF8A-817F-4D44-BD66-AB74BD20FEB4}.Release|Any CPU.ActiveCfg = Release|Any CPU
		{C617BF8A-817F-4D44-BD66-AB74BD20FEB4}.Release|Any CPU.Build.0 = Release|Any CPU
		{C617BF8A-817F-4D44-BD66-AB74BD20FEB4}.Release|x64.ActiveCfg = Release|Any CPU
		{C617BF8A-817F-4D44-BD66-AB74BD20FEB4}.Release|x64.Build.0 = Release|Any CPU
		{C617BF8A-817F-4D44-BD66-AB74BD20FEB4}.Release|x86.ActiveCfg = Release|Any CPU
		{C617BF8A-817F-4D44-BD66-AB74BD20FEB4}.Release|x86.Build.0 = Release|Any CPU
		{86BAA7D4-73D0-426E-A484-A535EC9316EE}.Debug|Any CPU.ActiveCfg = Debug|Any CPU
		{86BAA7D4-73D0-426E-A484-A535EC9316EE}.Debug|Any CPU.Build.0 = Debug|Any CPU
		{86BAA7D4-73D0-426E-A484-A535EC9316EE}.Debug|x64.ActiveCfg = Debug|Any CPU
		{86BAA7D4-73D0-426E-A484-A535EC9316EE}.Debug|x64.Build.0 = Debug|Any CPU
		{86BAA7D4-73D0-426E-A484-A535EC9316EE}.Debug|x86.ActiveCfg = Debug|Any CPU
		{86BAA7D4-73D0-426E-A484-A535EC9316EE}.Debug|x86.Build.0 = Debug|Any CPU
		{86BAA7D4-73D0-426E-A484-A535EC9316EE}.Release|Any CPU.ActiveCfg = Release|Any CPU
		{86BAA7D4-73D0-426E-A484-A535EC9316EE}.Release|Any CPU.Build.0 = Release|Any CPU
		{86BAA7D4-73D0-426E-A484-A535EC9316EE}.Release|x64.ActiveCfg = Release|Any CPU
		{86BAA7D4-73D0-426E-A484-A535EC9316EE}.Release|x64.Build.0 = Release|Any CPU
		{86BAA7D4-73D0-426E-A484-A535EC9316EE}.Release|x86.ActiveCfg = Release|Any CPU
		{86BAA7D4-73D0-426E-A484-A535EC9316EE}.Release|x86.Build.0 = Release|Any CPU
		{5CFEC7DF-53C6-4E2A-B78C-B7C122A72173}.Debug|Any CPU.ActiveCfg = Debug|Any CPU
		{5CFEC7DF-53C6-4E2A-B78C-B7C122A72173}.Debug|Any CPU.Build.0 = Debug|Any CPU
		{5CFEC7DF-53C6-4E2A-B78C-B7C122A72173}.Debug|Any CPU.Deploy.0 = Debug|Any CPU
		{5CFEC7DF-53C6-4E2A-B78C-B7C122A72173}.Debug|x64.ActiveCfg = Debug|Any CPU
		{5CFEC7DF-53C6-4E2A-B78C-B7C122A72173}.Debug|x64.Build.0 = Debug|Any CPU
		{5CFEC7DF-53C6-4E2A-B78C-B7C122A72173}.Debug|x64.Deploy.0 = Debug|Any CPU
		{5CFEC7DF-53C6-4E2A-B78C-B7C122A72173}.Debug|x86.ActiveCfg = Debug|Any CPU
		{5CFEC7DF-53C6-4E2A-B78C-B7C122A72173}.Debug|x86.Build.0 = Debug|Any CPU
		{5CFEC7DF-53C6-4E2A-B78C-B7C122A72173}.Debug|x86.Deploy.0 = Debug|Any CPU
		{5CFEC7DF-53C6-4E2A-B78C-B7C122A72173}.Release|Any CPU.ActiveCfg = Release|Any CPU
		{5CFEC7DF-53C6-4E2A-B78C-B7C122A72173}.Release|Any CPU.Build.0 = Release|Any CPU
		{5CFEC7DF-53C6-4E2A-B78C-B7C122A72173}.Release|Any CPU.Deploy.0 = Release|Any CPU
		{5CFEC7DF-53C6-4E2A-B78C-B7C122A72173}.Release|x64.ActiveCfg = Release|Any CPU
		{5CFEC7DF-53C6-4E2A-B78C-B7C122A72173}.Release|x64.Build.0 = Release|Any CPU
		{5CFEC7DF-53C6-4E2A-B78C-B7C122A72173}.Release|x64.Deploy.0 = Release|Any CPU
		{5CFEC7DF-53C6-4E2A-B78C-B7C122A72173}.Release|x86.ActiveCfg = Release|Any CPU
		{5CFEC7DF-53C6-4E2A-B78C-B7C122A72173}.Release|x86.Build.0 = Release|Any CPU
		{5CFEC7DF-53C6-4E2A-B78C-B7C122A72173}.Release|x86.Deploy.0 = Release|Any CPU
		{99DE79CE-D109-4B74-86FA-D058668C0171}.Debug|Any CPU.ActiveCfg = Debug|Any CPU
		{99DE79CE-D109-4B74-86FA-D058668C0171}.Debug|Any CPU.Build.0 = Debug|Any CPU
		{99DE79CE-D109-4B74-86FA-D058668C0171}.Debug|x64.ActiveCfg = Debug|Any CPU
		{99DE79CE-D109-4B74-86FA-D058668C0171}.Debug|x64.Build.0 = Debug|Any CPU
		{99DE79CE-D109-4B74-86FA-D058668C0171}.Debug|x86.ActiveCfg = Debug|Any CPU
		{99DE79CE-D109-4B74-86FA-D058668C0171}.Debug|x86.Build.0 = Debug|Any CPU
		{99DE79CE-D109-4B74-86FA-D058668C0171}.Release|Any CPU.ActiveCfg = Release|Any CPU
		{99DE79CE-D109-4B74-86FA-D058668C0171}.Release|Any CPU.Build.0 = Release|Any CPU
		{99DE79CE-D109-4B74-86FA-D058668C0171}.Release|x64.ActiveCfg = Release|Any CPU
		{99DE79CE-D109-4B74-86FA-D058668C0171}.Release|x64.Build.0 = Release|Any CPU
		{99DE79CE-D109-4B74-86FA-D058668C0171}.Release|x86.ActiveCfg = Release|Any CPU
		{99DE79CE-D109-4B74-86FA-D058668C0171}.Release|x86.Build.0 = Release|Any CPU
		{D4E3A239-1BE6-4E1D-AE55-D61A6BCFA010}.Debug|Any CPU.ActiveCfg = Debug|Any CPU
		{D4E3A239-1BE6-4E1D-AE55-D61A6BCFA010}.Debug|Any CPU.Build.0 = Debug|Any CPU
		{D4E3A239-1BE6-4E1D-AE55-D61A6BCFA010}.Debug|x64.ActiveCfg = Debug|Any CPU
		{D4E3A239-1BE6-4E1D-AE55-D61A6BCFA010}.Debug|x64.Build.0 = Debug|Any CPU
		{D4E3A239-1BE6-4E1D-AE55-D61A6BCFA010}.Debug|x86.ActiveCfg = Debug|Any CPU
		{D4E3A239-1BE6-4E1D-AE55-D61A6BCFA010}.Debug|x86.Build.0 = Debug|Any CPU
		{D4E3A239-1BE6-4E1D-AE55-D61A6BCFA010}.Release|Any CPU.ActiveCfg = Release|Any CPU
		{D4E3A239-1BE6-4E1D-AE55-D61A6BCFA010}.Release|Any CPU.Build.0 = Release|Any CPU
		{D4E3A239-1BE6-4E1D-AE55-D61A6BCFA010}.Release|x64.ActiveCfg = Release|Any CPU
		{D4E3A239-1BE6-4E1D-AE55-D61A6BCFA010}.Release|x64.Build.0 = Release|Any CPU
		{D4E3A239-1BE6-4E1D-AE55-D61A6BCFA010}.Release|x86.ActiveCfg = Release|Any CPU
		{D4E3A239-1BE6-4E1D-AE55-D61A6BCFA010}.Release|x86.Build.0 = Release|Any CPU
	EndGlobalSection
	GlobalSection(SolutionProperties) = preSolution
		HideSolutionNode = FALSE
	EndGlobalSection
	GlobalSection(NestedProjects) = preSolution
		{75125928-AD7E-44EB-8554-82EF97A79BD7} = {1F8051E7-21AA-4911-A97D-2FADB22E0CA7}
		{904B7CD8-BE2D-4BE9-B457-EB8EF1B59321} = {1F8051E7-21AA-4911-A97D-2FADB22E0CA7}
		{9947D620-FCAA-4181-AFA0-149F53AAA41A} = {1F8051E7-21AA-4911-A97D-2FADB22E0CA7}
		{595D6D4F-4BFC-4BBC-9496-167BB234E263} = {1F8051E7-21AA-4911-A97D-2FADB22E0CA7}
		{86DEC956-0FA9-4D48-9A4E-7605112390D0} = {FCECA2B7-71A2-45D0-A05F-F72816BBCAD2}
		{C617BF8A-817F-4D44-BD66-AB74BD20FEB4} = {1F8051E7-21AA-4911-A97D-2FADB22E0CA7}
		{B6DE6B75-2AC5-46CC-823A-D671E630DAA8} = {1F8051E7-21AA-4911-A97D-2FADB22E0CA7}
		{86BAA7D4-73D0-426E-A484-A535EC9316EE} = {1F8051E7-21AA-4911-A97D-2FADB22E0CA7}
		{5CFEC7DF-53C6-4E2A-B78C-B7C122A72173} = {1F8051E7-21AA-4911-A97D-2FADB22E0CA7}
		{99DE79CE-D109-4B74-86FA-D058668C0171} = {1F8051E7-21AA-4911-A97D-2FADB22E0CA7}
		{D4E3A239-1BE6-4E1D-AE55-D61A6BCFA010} = {FCECA2B7-71A2-45D0-A05F-F72816BBCAD2}
	EndGlobalSection
	GlobalSection(ExtensibilityGlobals) = postSolution
		SolutionGuid = {E51734BA-94D5-425C-99F5-2B28165536CC}
	EndGlobalSection
EndGlobal
